Microsoft Visual Studio Solution File, Format Version 12.00
# Visual Studio Version 17
VisualStudioVersion = 17.5.2.0
MinimumVisualStudioVersion = 10.0.40219.1
Project("{FAE04EC0-301F-11D3-BF4B-00C04F79EFBC}") = "projet-ensemenc-aarai03", "projet-ensemenc-aarai03.csproj", "{C4C14C77-4DFB-775D-E6D4-5ADB99913BC3}"
EndProject
Global
	GlobalSection(SolutionConfigurationPlatforms) = preSolution
		Debug|Any CPU = Debug|Any CPU
		Release|Any CPU = Release|Any CPU
	EndGlobalSection
	GlobalSection(ProjectConfigurationPlatforms) = postSolution
		{C4C14C77-4DFB-775D-E6D4-5ADB99913BC3}.Debug|Any CPU.ActiveCfg = Debug|Any CPU
		{C4C14C77-4DFB-775D-E6D4-5ADB99913BC3}.Debug|Any CPU.Build.0 = Debug|Any CPU
		{C4C14C77-4DFB-775D-E6D4-5ADB99913BC3}.Release|Any CPU.ActiveCfg = Release|Any CPU
		{C4C14C77-4DFB-775D-E6D4-5ADB99913BC3}.Release|Any CPU.Build.0 = Release|Any CPU
	EndGlobalSection
	GlobalSection(SolutionProperties) = preSolution
		HideSolutionNode = FALSE
	EndGlobalSection
	GlobalSection(ExtensibilityGlobals) = postSolution
		SolutionGuid = {97A4FD77-B787-4E52-AD6C-64A114AD8C82}
	EndGlobalSection
EndGlobal
